
Microsoft Visual Studio Solution File, Format Version 12.00
# Visual Studio 15
VisualStudioVersion = 15.0.28307.645
MinimumVisualStudioVersion = 10.0.40219.1
Project("{FAE04EC0-301F-11D3-BF4B-00C04F79EFBC}") = "TrillApp", "TrillApp\TrillApp.csproj", "{8876D254-CB7A-4236-9A5E-079D493629A9}"
EndProject
Project("{FAE04EC0-301F-11D3-BF4B-00C04F79EFBC}") = "ConsoleApp2", "ConsoleApp2\ConsoleApp2.csproj", "{5C766113-19C1-4999-94F1-8B8F1823E7CF}"
EndProject
Project("{FAE04EC0-301F-11D3-BF4B-00C04F79EFBC}") = "ConsoleApp2_Bond", "ConsoleApp2_Bond\ConsoleApp2_Bond.csproj", "{6822E278-B8D8-4D0D-B045-BFC73BF0EB34}"
EndProject
Project("{FAE04EC0-301F-11D3-BF4B-00C04F79EFBC}") = "AlterPointEvent", "AlterPointEvent\AlterPointEvent.csproj", "{C829244D-9017-4554-B00D-8BA53CA354BA}"
EndProject
Project("{FAE04EC0-301F-11D3-BF4B-00C04F79EFBC}") = "StreamInsightApp1", "StreamInsightApp1\StreamInsightApp1.csproj", "{71379EFE-0B1E-4627-8567-B013D91D5E41}"
EndProject
Project("{FAE04EC0-301F-11D3-BF4B-00C04F79EFBC}") = "WebApplication1", "WebApplication1\WebApplication1.csproj", "{C0850527-D174-4DD1-B617-6179F953A6DB}"
EndProject
Project("{FAE04EC0-301F-11D3-BF4B-00C04F79EFBC}") = "WebClient1", "WebClient1\WebClient1.csproj", "{F166C3A3-B255-462D-80C0-8A92C0DE0F9E}"
	ProjectSection(ProjectDependencies) = postProject
		{C0850527-D174-4DD1-B617-6179F953A6DB} = {C0850527-D174-4DD1-B617-6179F953A6DB}
	EndProjectSection
EndProject
Project("{9A19103F-16F7-4668-BE54-9A1E7A4F7556}") = "IHelloRemotingService", "IHelloRemotingService\IHelloRemotingService.csproj", "{4F013B7C-E511-42E6-AAFF-9056B32C5636}"
EndProject
Project("{9A19103F-16F7-4668-BE54-9A1E7A4F7556}") = "HelloRemotingService", "HelloRemotingService\HelloRemotingService.csproj", "{4114B3EC-DE45-4F7D-B920-C99F6F60895B}"
EndProject
Project("{FAE04EC0-301F-11D3-BF4B-00C04F79EFBC}") = "RemotingServiceHost", "RemotingServiceHost\RemotingServiceHost.csproj", "{8922C247-603E-469A-9294-E59DEACF0F0C}"
EndProject
Project("{FAE04EC0-301F-11D3-BF4B-00C04F79EFBC}") = "HelloServiceClient", "HelloServiceClient\HelloServiceClient.csproj", "{5EFA7B2E-0329-4542-9D1B-88FC0F3D41D8}"
EndProject
Project("{FAE04EC0-301F-11D3-BF4B-00C04F79EFBC}") = "ConsoleApp1", "ConsoleApp1\ConsoleApp1.csproj", "{E9972640-0A00-4FA7-81FC-76F158BA760A}"
EndProject
Global
	GlobalSection(SolutionConfigurationPlatforms) = preSolution
		Debug|Any CPU = Debug|Any CPU
		Release|Any CPU = Release|Any CPU
	EndGlobalSection
	GlobalSection(ProjectConfigurationPlatforms) = postSolution
		{8876D254-CB7A-4236-9A5E-079D493629A9}.Debug|Any CPU.ActiveCfg = Debug|Any CPU
		{8876D254-CB7A-4236-9A5E-079D493629A9}.Debug|Any CPU.Build.0 = Debug|Any CPU
		{8876D254-CB7A-4236-9A5E-079D493629A9}.Release|Any CPU.ActiveCfg = Release|Any CPU
		{8876D254-CB7A-4236-9A5E-079D493629A9}.Release|Any CPU.Build.0 = Release|Any CPU
		{5C766113-19C1-4999-94F1-8B8F1823E7CF}.Debug|Any CPU.ActiveCfg = Debug|Any CPU
		{5C766113-19C1-4999-94F1-8B8F1823E7CF}.Debug|Any CPU.Build.0 = Debug|Any CPU
		{5C766113-19C1-4999-94F1-8B8F1823E7CF}.Release|Any CPU.ActiveCfg = Release|Any CPU
		{5C766113-19C1-4999-94F1-8B8F1823E7CF}.Release|Any CPU.Build.0 = Release|Any CPU
		{6822E278-B8D8-4D0D-B045-BFC73BF0EB34}.Debug|Any CPU.ActiveCfg = Debug|Any CPU
		{6822E278-B8D8-4D0D-B045-BFC73BF0EB34}.Debug|Any CPU.Build.0 = Debug|Any CPU
		{6822E278-B8D8-4D0D-B045-BFC73BF0EB34}.Release|Any CPU.ActiveCfg = Release|Any CPU
		{6822E278-B8D8-4D0D-B045-BFC73BF0EB34}.Release|Any CPU.Build.0 = Release|Any CPU
		{C829244D-9017-4554-B00D-8BA53CA354BA}.Debug|Any CPU.ActiveCfg = Debug|Any CPU
		{C829244D-9017-4554-B00D-8BA53CA354BA}.Debug|Any CPU.Build.0 = Debug|Any CPU
		{C829244D-9017-4554-B00D-8BA53CA354BA}.Release|Any CPU.ActiveCfg = Release|Any CPU
		{C829244D-9017-4554-B00D-8BA53CA354BA}.Release|Any CPU.Build.0 = Release|Any CPU
		{71379EFE-0B1E-4627-8567-B013D91D5E41}.Debug|Any CPU.ActiveCfg = Debug|Any CPU
		{71379EFE-0B1E-4627-8567-B013D91D5E41}.Debug|Any CPU.Build.0 = Debug|Any CPU
		{71379EFE-0B1E-4627-8567-B013D91D5E41}.Release|Any CPU.ActiveCfg = Release|Any CPU
		{71379EFE-0B1E-4627-8567-B013D91D5E41}.Release|Any CPU.Build.0 = Release|Any CPU
		{C0850527-D174-4DD1-B617-6179F953A6DB}.Debug|Any CPU.ActiveCfg = Debug|Any CPU
		{C0850527-D174-4DD1-B617-6179F953A6DB}.Debug|Any CPU.Build.0 = Debug|Any CPU
		{C0850527-D174-4DD1-B617-6179F953A6DB}.Release|Any CPU.ActiveCfg = Release|Any CPU
		{C0850527-D174-4DD1-B617-6179F953A6DB}.Release|Any CPU.Build.0 = Release|Any CPU
		{F166C3A3-B255-462D-80C0-8A92C0DE0F9E}.Debug|Any CPU.ActiveCfg = Debug|Any CPU
		{F166C3A3-B255-462D-80C0-8A92C0DE0F9E}.Debug|Any CPU.Build.0 = Debug|Any CPU
		{F166C3A3-B255-462D-80C0-8A92C0DE0F9E}.Release|Any CPU.ActiveCfg = Release|Any CPU
		{F166C3A3-B255-462D-80C0-8A92C0DE0F9E}.Release|Any CPU.Build.0 = Release|Any CPU
		{4F013B7C-E511-42E6-AAFF-9056B32C5636}.Debug|Any CPU.ActiveCfg = Debug|Any CPU
		{4F013B7C-E511-42E6-AAFF-9056B32C5636}.Debug|Any CPU.Build.0 = Debug|Any CPU
		{4F013B7C-E511-42E6-AAFF-9056B32C5636}.Release|Any CPU.ActiveCfg = Release|Any CPU
		{4F013B7C-E511-42E6-AAFF-9056B32C5636}.Release|Any CPU.Build.0 = Release|Any CPU
		{4114B3EC-DE45-4F7D-B920-C99F6F60895B}.Debug|Any CPU.ActiveCfg = Debug|Any CPU
		{4114B3EC-DE45-4F7D-B920-C99F6F60895B}.Debug|Any CPU.Build.0 = Debug|Any CPU
		{4114B3EC-DE45-4F7D-B920-C99F6F60895B}.Release|Any CPU.ActiveCfg = Release|Any CPU
		{4114B3EC-DE45-4F7D-B920-C99F6F60895B}.Release|Any CPU.Build.0 = Release|Any CPU
		{8922C247-603E-469A-9294-E59DEACF0F0C}.Debug|Any CPU.ActiveCfg = Debug|Any CPU
		{8922C247-603E-469A-9294-E59DEACF0F0C}.Debug|Any CPU.Build.0 = Debug|Any CPU
		{8922C247-603E-469A-9294-E59DEACF0F0C}.Release|Any CPU.ActiveCfg = Release|Any CPU
		{8922C247-603E-469A-9294-E59DEACF0F0C}.Release|Any CPU.Build.0 = Release|Any CPU
		{5EFA7B2E-0329-4542-9D1B-88FC0F3D41D8}.Debug|Any CPU.ActiveCfg = Debug|Any CPU
		{5EFA7B2E-0329-4542-9D1B-88FC0F3D41D8}.Debug|Any CPU.Build.0 = Debug|Any CPU
		{5EFA7B2E-0329-4542-9D1B-88FC0F3D41D8}.Release|Any CPU.ActiveCfg = Release|Any CPU
		{5EFA7B2E-0329-4542-9D1B-88FC0F3D41D8}.Release|Any CPU.Build.0 = Release|Any CPU
		{E9972640-0A00-4FA7-81FC-76F158BA760A}.Debug|Any CPU.ActiveCfg = Debug|Any CPU
		{E9972640-0A00-4FA7-81FC-76F158BA760A}.Debug|Any CPU.Build.0 = Debug|Any CPU
		{E9972640-0A00-4FA7-81FC-76F158BA760A}.Release|Any CPU.ActiveCfg = Release|Any CPU
		{E9972640-0A00-4FA7-81FC-76F158BA760A}.Release|Any CPU.Build.0 = Release|Any CPU
	EndGlobalSection
	GlobalSection(SolutionProperties) = preSolution
		HideSolutionNode = FALSE
	EndGlobalSection
	GlobalSection(ExtensibilityGlobals) = postSolution
		SolutionGuid = {B794365B-A809-43EE-AE80-CA87EDA9369A}
	EndGlobalSection
EndGlobal
