
Microsoft Visual Studio Solution File, Format Version 12.00
# Visual Studio 15
VisualStudioVersion = 15.0.28307.645
MinimumVisualStudioVersion = 10.0.40219.1
Project("{FAE04EC0-301F-11D3-BF4B-00C04F79EFBC}") = "TrillApp", "TrillApp\TrillApp.csproj", "{8876D254-CB7A-4236-9A5E-079D493629A9}"
EndProject
Project("{FAE04EC0-301F-11D3-BF4B-00C04F79EFBC}") = "ConsoleApp2", "ConsoleApp2\ConsoleApp2.csproj", "{5C766113-19C1-4999-94F1-8B8F1823E7CF}"
EndProject
Project("{FAE04EC0-301F-11D3-BF4B-00C04F79EFBC}") = "AlterPointEvent", "AlterPointEvent\AlterPointEvent.csproj", "{C829244D-9017-4554-B00D-8BA53CA354BA}"
EndProject
Project("{FAE04EC0-301F-11D3-BF4B-00C04F79EFBC}") = "StreamInsightApp1", "StreamInsightApp1\StreamInsightApp1.csproj", "{71379EFE-0B1E-4627-8567-B013D91D5E41}"
EndProject
Project("{16730046-AB7A-431B-B756-05245A4DDAE1}") = "iScopeProject1", "iScopeProject1\iScopeProject1.iscopeproj", "{0B749EED-4EB1-45D4-A0E1-BB2A8AFDB46B}"
EndProject
Project("{FAE04EC0-301F-11D3-BF4B-00C04F79EFBC}") = "StreamProcessing", "StreamProcessing\StreamProcessing.csproj", "{5C1256BC-7D7B-4B93-8BDB-EC8454227E8B}"
EndProject
Project("{9A19103F-16F7-4668-BE54-9A1E7A4F7556}") = "Microsoft.StreamProcessing", "Trill\Sources\Core\Microsoft.StreamProcessing\Microsoft.StreamProcessing.csproj", "{B0B52124-4DAF-4E38-8672-F99E85D89123}"
EndProject
Project("{FAE04EC0-301F-11D3-BF4B-00C04F79EFBC}") = "BeginInvoke", "BeginInvoke\BeginInvoke.csproj", "{A2E8F058-6CFD-4292-ACF9-639972C65478}"
EndProject
Project("{9A19103F-16F7-4668-BE54-9A1E7A4F7556}") = "ConsoleApp1", "ConsoleApp1\ConsoleApp1.csproj", "{58AADDA3-5A87-4706-BA9D-C133375FE454}"
EndProject
Project("{FAE04EC0-301F-11D3-BF4B-00C04F79EFBC}") = "eventBasedAsynchronousPattern", "eventBasedAsynchronousPattern\eventBasedAsynchronousPattern.csproj", "{0928C2E7-1D7A-43F0-8FE5-3B475F60C79F}"
EndProject
Project("{FAE04EC0-301F-11D3-BF4B-00C04F79EFBC}") = "LinqRx", "LinqRx\LinqRx.csproj", "{39306A81-938F-4BCE-8032-8EB1AA5FFBCD}"
EndProject
Project("{202899A3-C531-4771-9089-0213D66978AE}") = "ScopeApp1", "ScopeApp1\ScopeApp1.scopeproj", "{6C615E4F-C206-4977-BB8D-4D71644FB514}"
EndProject
Project("{202899A3-C531-4771-9089-0213D66978AE}") = "ScopeApp2", "ScopeApp2\ScopeApp2.scopeproj", "{E9D15DD4-2E04-4CAB-84C5-DC5566B962DD}"
EndProject
Project("{FAE04EC0-301F-11D3-BF4B-00C04F79EFBC}") = "TaskAsync", "TaskAsync\TaskAsync.csproj", "{2AC583A7-4758-48E7-A73B-D47E4107BB9F}"
EndProject
Project("{FAE04EC0-301F-11D3-BF4B-00C04F79EFBC}") = "Usesql", "Usesql\Usesql.csproj", "{B4BE5024-C787-4D17-BF57-BE3F5C6E42DB}"
EndProject
Global
	GlobalSection(SolutionConfigurationPlatforms) = preSolution
		Debug|Any CPU = Debug|Any CPU
		Debug|x64 = Debug|x64
		Debug|x86 = Debug|x86
		Release|Any CPU = Release|Any CPU
		Release|x64 = Release|x64
		Release|x86 = Release|x86
	EndGlobalSection
	GlobalSection(ProjectConfigurationPlatforms) = postSolution
		{8876D254-CB7A-4236-9A5E-079D493629A9}.Debug|Any CPU.ActiveCfg = Debug|Any CPU
		{8876D254-CB7A-4236-9A5E-079D493629A9}.Debug|Any CPU.Build.0 = Debug|Any CPU
		{8876D254-CB7A-4236-9A5E-079D493629A9}.Debug|x64.ActiveCfg = Debug|Any CPU
		{8876D254-CB7A-4236-9A5E-079D493629A9}.Debug|x64.Build.0 = Debug|Any CPU
		{8876D254-CB7A-4236-9A5E-079D493629A9}.Debug|x86.ActiveCfg = Debug|Any CPU
		{8876D254-CB7A-4236-9A5E-079D493629A9}.Debug|x86.Build.0 = Debug|Any CPU
		{8876D254-CB7A-4236-9A5E-079D493629A9}.Release|Any CPU.ActiveCfg = Release|Any CPU
		{8876D254-CB7A-4236-9A5E-079D493629A9}.Release|Any CPU.Build.0 = Release|Any CPU
		{8876D254-CB7A-4236-9A5E-079D493629A9}.Release|x64.ActiveCfg = Release|Any CPU
		{8876D254-CB7A-4236-9A5E-079D493629A9}.Release|x64.Build.0 = Release|Any CPU
		{8876D254-CB7A-4236-9A5E-079D493629A9}.Release|x86.ActiveCfg = Release|Any CPU
		{8876D254-CB7A-4236-9A5E-079D493629A9}.Release|x86.Build.0 = Release|Any CPU
		{5C766113-19C1-4999-94F1-8B8F1823E7CF}.Debug|Any CPU.ActiveCfg = Debug|Any CPU
		{5C766113-19C1-4999-94F1-8B8F1823E7CF}.Debug|Any CPU.Build.0 = Debug|Any CPU
		{5C766113-19C1-4999-94F1-8B8F1823E7CF}.Debug|x64.ActiveCfg = Debug|Any CPU
		{5C766113-19C1-4999-94F1-8B8F1823E7CF}.Debug|x64.Build.0 = Debug|Any CPU
		{5C766113-19C1-4999-94F1-8B8F1823E7CF}.Debug|x86.ActiveCfg = Debug|Any CPU
		{5C766113-19C1-4999-94F1-8B8F1823E7CF}.Debug|x86.Build.0 = Debug|Any CPU
		{5C766113-19C1-4999-94F1-8B8F1823E7CF}.Release|Any CPU.ActiveCfg = Release|Any CPU
		{5C766113-19C1-4999-94F1-8B8F1823E7CF}.Release|Any CPU.Build.0 = Release|Any CPU
		{5C766113-19C1-4999-94F1-8B8F1823E7CF}.Release|x64.ActiveCfg = Release|Any CPU
		{5C766113-19C1-4999-94F1-8B8F1823E7CF}.Release|x64.Build.0 = Release|Any CPU
		{5C766113-19C1-4999-94F1-8B8F1823E7CF}.Release|x86.ActiveCfg = Release|Any CPU
		{5C766113-19C1-4999-94F1-8B8F1823E7CF}.Release|x86.Build.0 = Release|Any CPU
		{C829244D-9017-4554-B00D-8BA53CA354BA}.Debug|Any CPU.ActiveCfg = Debug|Any CPU
		{C829244D-9017-4554-B00D-8BA53CA354BA}.Debug|Any CPU.Build.0 = Debug|Any CPU
		{C829244D-9017-4554-B00D-8BA53CA354BA}.Debug|x64.ActiveCfg = Debug|Any CPU
		{C829244D-9017-4554-B00D-8BA53CA354BA}.Debug|x64.Build.0 = Debug|Any CPU
		{C829244D-9017-4554-B00D-8BA53CA354BA}.Debug|x86.ActiveCfg = Debug|Any CPU
		{C829244D-9017-4554-B00D-8BA53CA354BA}.Debug|x86.Build.0 = Debug|Any CPU
		{C829244D-9017-4554-B00D-8BA53CA354BA}.Release|Any CPU.ActiveCfg = Release|Any CPU
		{C829244D-9017-4554-B00D-8BA53CA354BA}.Release|Any CPU.Build.0 = Release|Any CPU
		{C829244D-9017-4554-B00D-8BA53CA354BA}.Release|x64.ActiveCfg = Release|Any CPU
		{C829244D-9017-4554-B00D-8BA53CA354BA}.Release|x64.Build.0 = Release|Any CPU
		{C829244D-9017-4554-B00D-8BA53CA354BA}.Release|x86.ActiveCfg = Release|Any CPU
		{C829244D-9017-4554-B00D-8BA53CA354BA}.Release|x86.Build.0 = Release|Any CPU
		{71379EFE-0B1E-4627-8567-B013D91D5E41}.Debug|Any CPU.ActiveCfg = Debug|Any CPU
		{71379EFE-0B1E-4627-8567-B013D91D5E41}.Debug|Any CPU.Build.0 = Debug|Any CPU
		{71379EFE-0B1E-4627-8567-B013D91D5E41}.Debug|x64.ActiveCfg = Debug|Any CPU
		{71379EFE-0B1E-4627-8567-B013D91D5E41}.Debug|x64.Build.0 = Debug|Any CPU
		{71379EFE-0B1E-4627-8567-B013D91D5E41}.Debug|x86.ActiveCfg = Debug|Any CPU
		{71379EFE-0B1E-4627-8567-B013D91D5E41}.Debug|x86.Build.0 = Debug|Any CPU
		{71379EFE-0B1E-4627-8567-B013D91D5E41}.Release|Any CPU.ActiveCfg = Release|Any CPU
		{71379EFE-0B1E-4627-8567-B013D91D5E41}.Release|Any CPU.Build.0 = Release|Any CPU
		{71379EFE-0B1E-4627-8567-B013D91D5E41}.Release|x64.ActiveCfg = Release|Any CPU
		{71379EFE-0B1E-4627-8567-B013D91D5E41}.Release|x64.Build.0 = Release|Any CPU
		{71379EFE-0B1E-4627-8567-B013D91D5E41}.Release|x86.ActiveCfg = Release|Any CPU
		{71379EFE-0B1E-4627-8567-B013D91D5E41}.Release|x86.Build.0 = Release|Any CPU
		{0B749EED-4EB1-45D4-A0E1-BB2A8AFDB46B}.Debug|Any CPU.ActiveCfg = Debug|Any CPU
		{0B749EED-4EB1-45D4-A0E1-BB2A8AFDB46B}.Debug|Any CPU.Build.0 = Debug|Any CPU
		{0B749EED-4EB1-45D4-A0E1-BB2A8AFDB46B}.Debug|x64.ActiveCfg = Debug|x64
		{0B749EED-4EB1-45D4-A0E1-BB2A8AFDB46B}.Debug|x64.Build.0 = Debug|x64
		{0B749EED-4EB1-45D4-A0E1-BB2A8AFDB46B}.Debug|x86.ActiveCfg = Debug|x86
		{0B749EED-4EB1-45D4-A0E1-BB2A8AFDB46B}.Debug|x86.Build.0 = Debug|x86
		{0B749EED-4EB1-45D4-A0E1-BB2A8AFDB46B}.Release|Any CPU.ActiveCfg = Release|Any CPU
		{0B749EED-4EB1-45D4-A0E1-BB2A8AFDB46B}.Release|Any CPU.Build.0 = Release|Any CPU
		{0B749EED-4EB1-45D4-A0E1-BB2A8AFDB46B}.Release|x64.ActiveCfg = Release|x64
		{0B749EED-4EB1-45D4-A0E1-BB2A8AFDB46B}.Release|x64.Build.0 = Release|x64
		{0B749EED-4EB1-45D4-A0E1-BB2A8AFDB46B}.Release|x86.ActiveCfg = Release|x86
		{0B749EED-4EB1-45D4-A0E1-BB2A8AFDB46B}.Release|x86.Build.0 = Release|x86
		{5C1256BC-7D7B-4B93-8BDB-EC8454227E8B}.Debug|Any CPU.ActiveCfg = Debug|Any CPU
		{5C1256BC-7D7B-4B93-8BDB-EC8454227E8B}.Debug|Any CPU.Build.0 = Debug|Any CPU
		{5C1256BC-7D7B-4B93-8BDB-EC8454227E8B}.Debug|x64.ActiveCfg = Debug|Any CPU
		{5C1256BC-7D7B-4B93-8BDB-EC8454227E8B}.Debug|x64.Build.0 = Debug|Any CPU
		{5C1256BC-7D7B-4B93-8BDB-EC8454227E8B}.Debug|x86.ActiveCfg = Debug|Any CPU
		{5C1256BC-7D7B-4B93-8BDB-EC8454227E8B}.Debug|x86.Build.0 = Debug|Any CPU
		{5C1256BC-7D7B-4B93-8BDB-EC8454227E8B}.Release|Any CPU.ActiveCfg = Release|Any CPU
		{5C1256BC-7D7B-4B93-8BDB-EC8454227E8B}.Release|Any CPU.Build.0 = Release|Any CPU
		{5C1256BC-7D7B-4B93-8BDB-EC8454227E8B}.Release|x64.ActiveCfg = Release|Any CPU
		{5C1256BC-7D7B-4B93-8BDB-EC8454227E8B}.Release|x64.Build.0 = Release|Any CPU
		{5C1256BC-7D7B-4B93-8BDB-EC8454227E8B}.Release|x86.ActiveCfg = Release|Any CPU
		{5C1256BC-7D7B-4B93-8BDB-EC8454227E8B}.Release|x86.Build.0 = Release|Any CPU
		{B0B52124-4DAF-4E38-8672-F99E85D89123}.Debug|Any CPU.ActiveCfg = Debug|Any CPU
		{B0B52124-4DAF-4E38-8672-F99E85D89123}.Debug|Any CPU.Build.0 = Debug|Any CPU
		{B0B52124-4DAF-4E38-8672-F99E85D89123}.Debug|x64.ActiveCfg = Debug|x64
		{B0B52124-4DAF-4E38-8672-F99E85D89123}.Debug|x64.Build.0 = Debug|x64
		{B0B52124-4DAF-4E38-8672-F99E85D89123}.Debug|x86.ActiveCfg = Debug|Any CPU
		{B0B52124-4DAF-4E38-8672-F99E85D89123}.Debug|x86.Build.0 = Debug|Any CPU
		{B0B52124-4DAF-4E38-8672-F99E85D89123}.Release|Any CPU.ActiveCfg = Release|Any CPU
		{B0B52124-4DAF-4E38-8672-F99E85D89123}.Release|Any CPU.Build.0 = Release|Any CPU
		{B0B52124-4DAF-4E38-8672-F99E85D89123}.Release|x64.ActiveCfg = Release|x64
		{B0B52124-4DAF-4E38-8672-F99E85D89123}.Release|x64.Build.0 = Release|x64
		{B0B52124-4DAF-4E38-8672-F99E85D89123}.Release|x86.ActiveCfg = Release|Any CPU
		{B0B52124-4DAF-4E38-8672-F99E85D89123}.Release|x86.Build.0 = Release|Any CPU
		{A2E8F058-6CFD-4292-ACF9-639972C65478}.Debug|Any CPU.ActiveCfg = Debug|Any CPU
		{A2E8F058-6CFD-4292-ACF9-639972C65478}.Debug|Any CPU.Build.0 = Debug|Any CPU
		{A2E8F058-6CFD-4292-ACF9-639972C65478}.Debug|x64.ActiveCfg = Debug|Any CPU
		{A2E8F058-6CFD-4292-ACF9-639972C65478}.Debug|x64.Build.0 = Debug|Any CPU
		{A2E8F058-6CFD-4292-ACF9-639972C65478}.Debug|x86.ActiveCfg = Debug|Any CPU
		{A2E8F058-6CFD-4292-ACF9-639972C65478}.Debug|x86.Build.0 = Debug|Any CPU
		{A2E8F058-6CFD-4292-ACF9-639972C65478}.Release|Any CPU.ActiveCfg = Release|Any CPU
		{A2E8F058-6CFD-4292-ACF9-639972C65478}.Release|Any CPU.Build.0 = Release|Any CPU
		{A2E8F058-6CFD-4292-ACF9-639972C65478}.Release|x64.ActiveCfg = Release|Any CPU
		{A2E8F058-6CFD-4292-ACF9-639972C65478}.Release|x64.Build.0 = Release|Any CPU
		{A2E8F058-6CFD-4292-ACF9-639972C65478}.Release|x86.ActiveCfg = Release|Any CPU
		{A2E8F058-6CFD-4292-ACF9-639972C65478}.Release|x86.Build.0 = Release|Any CPU
		{58AADDA3-5A87-4706-BA9D-C133375FE454}.Debug|Any CPU.ActiveCfg = Debug|Any CPU
		{58AADDA3-5A87-4706-BA9D-C133375FE454}.Debug|Any CPU.Build.0 = Debug|Any CPU
		{58AADDA3-5A87-4706-BA9D-C133375FE454}.Debug|x64.ActiveCfg = Debug|Any CPU
		{58AADDA3-5A87-4706-BA9D-C133375FE454}.Debug|x64.Build.0 = Debug|Any CPU
		{58AADDA3-5A87-4706-BA9D-C133375FE454}.Debug|x86.ActiveCfg = Debug|Any CPU
		{58AADDA3-5A87-4706-BA9D-C133375FE454}.Debug|x86.Build.0 = Debug|Any CPU
		{58AADDA3-5A87-4706-BA9D-C133375FE454}.Release|Any CPU.ActiveCfg = Release|Any CPU
		{58AADDA3-5A87-4706-BA9D-C133375FE454}.Release|Any CPU.Build.0 = Release|Any CPU
		{58AADDA3-5A87-4706-BA9D-C133375FE454}.Release|x64.ActiveCfg = Release|Any CPU
		{58AADDA3-5A87-4706-BA9D-C133375FE454}.Release|x64.Build.0 = Release|Any CPU
		{58AADDA3-5A87-4706-BA9D-C133375FE454}.Release|x86.ActiveCfg = Release|Any CPU
		{58AADDA3-5A87-4706-BA9D-C133375FE454}.Release|x86.Build.0 = Release|Any CPU
		{0928C2E7-1D7A-43F0-8FE5-3B475F60C79F}.Debug|Any CPU.ActiveCfg = Debug|Any CPU
		{0928C2E7-1D7A-43F0-8FE5-3B475F60C79F}.Debug|Any CPU.Build.0 = Debug|Any CPU
		{0928C2E7-1D7A-43F0-8FE5-3B475F60C79F}.Debug|x64.ActiveCfg = Debug|Any CPU
		{0928C2E7-1D7A-43F0-8FE5-3B475F60C79F}.Debug|x64.Build.0 = Debug|Any CPU
		{0928C2E7-1D7A-43F0-8FE5-3B475F60C79F}.Debug|x86.ActiveCfg = Debug|Any CPU
		{0928C2E7-1D7A-43F0-8FE5-3B475F60C79F}.Debug|x86.Build.0 = Debug|Any CPU
		{0928C2E7-1D7A-43F0-8FE5-3B475F60C79F}.Release|Any CPU.ActiveCfg = Release|Any CPU
		{0928C2E7-1D7A-43F0-8FE5-3B475F60C79F}.Release|Any CPU.Build.0 = Release|Any CPU
		{0928C2E7-1D7A-43F0-8FE5-3B475F60C79F}.Release|x64.ActiveCfg = Release|Any CPU
		{0928C2E7-1D7A-43F0-8FE5-3B475F60C79F}.Release|x64.Build.0 = Release|Any CPU
		{0928C2E7-1D7A-43F0-8FE5-3B475F60C79F}.Release|x86.ActiveCfg = Release|Any CPU
		{0928C2E7-1D7A-43F0-8FE5-3B475F60C79F}.Release|x86.Build.0 = Release|Any CPU
		{39306A81-938F-4BCE-8032-8EB1AA5FFBCD}.Debug|Any CPU.ActiveCfg = Debug|Any CPU
		{39306A81-938F-4BCE-8032-8EB1AA5FFBCD}.Debug|Any CPU.Build.0 = Debug|Any CPU
		{39306A81-938F-4BCE-8032-8EB1AA5FFBCD}.Debug|x64.ActiveCfg = Debug|Any CPU
		{39306A81-938F-4BCE-8032-8EB1AA5FFBCD}.Debug|x64.Build.0 = Debug|Any CPU
		{39306A81-938F-4BCE-8032-8EB1AA5FFBCD}.Debug|x86.ActiveCfg = Debug|Any CPU
		{39306A81-938F-4BCE-8032-8EB1AA5FFBCD}.Debug|x86.Build.0 = Debug|Any CPU
		{39306A81-938F-4BCE-8032-8EB1AA5FFBCD}.Release|Any CPU.ActiveCfg = Release|Any CPU
		{39306A81-938F-4BCE-8032-8EB1AA5FFBCD}.Release|Any CPU.Build.0 = Release|Any CPU
		{39306A81-938F-4BCE-8032-8EB1AA5FFBCD}.Release|x64.ActiveCfg = Release|Any CPU
		{39306A81-938F-4BCE-8032-8EB1AA5FFBCD}.Release|x64.Build.0 = Release|Any CPU
		{39306A81-938F-4BCE-8032-8EB1AA5FFBCD}.Release|x86.ActiveCfg = Release|Any CPU
		{39306A81-938F-4BCE-8032-8EB1AA5FFBCD}.Release|x86.Build.0 = Release|Any CPU
		{6C615E4F-C206-4977-BB8D-4D71644FB514}.Debug|Any CPU.ActiveCfg = Debug|Any CPU
		{6C615E4F-C206-4977-BB8D-4D71644FB514}.Debug|Any CPU.Build.0 = Debug|Any CPU
		{6C615E4F-C206-4977-BB8D-4D71644FB514}.Debug|x64.ActiveCfg = Debug|x64
		{6C615E4F-C206-4977-BB8D-4D71644FB514}.Debug|x64.Build.0 = Debug|x64
		{6C615E4F-C206-4977-BB8D-4D71644FB514}.Debug|x86.ActiveCfg = Debug|x86
		{6C615E4F-C206-4977-BB8D-4D71644FB514}.Debug|x86.Build.0 = Debug|x86
		{6C615E4F-C206-4977-BB8D-4D71644FB514}.Release|Any CPU.ActiveCfg = Release|Any CPU
		{6C615E4F-C206-4977-BB8D-4D71644FB514}.Release|Any CPU.Build.0 = Release|Any CPU
		{6C615E4F-C206-4977-BB8D-4D71644FB514}.Release|x64.ActiveCfg = Release|x64
		{6C615E4F-C206-4977-BB8D-4D71644FB514}.Release|x64.Build.0 = Release|x64
		{6C615E4F-C206-4977-BB8D-4D71644FB514}.Release|x86.ActiveCfg = Release|x86
		{6C615E4F-C206-4977-BB8D-4D71644FB514}.Release|x86.Build.0 = Release|x86
		{E9D15DD4-2E04-4CAB-84C5-DC5566B962DD}.Debug|Any CPU.ActiveCfg = Debug|Any CPU
		{E9D15DD4-2E04-4CAB-84C5-DC5566B962DD}.Debug|Any CPU.Build.0 = Debug|Any CPU
		{E9D15DD4-2E04-4CAB-84C5-DC5566B962DD}.Debug|x64.ActiveCfg = Debug|x64
		{E9D15DD4-2E04-4CAB-84C5-DC5566B962DD}.Debug|x64.Build.0 = Debug|x64
		{E9D15DD4-2E04-4CAB-84C5-DC5566B962DD}.Debug|x86.ActiveCfg = Debug|x86
		{E9D15DD4-2E04-4CAB-84C5-DC5566B962DD}.Debug|x86.Build.0 = Debug|x86
		{E9D15DD4-2E04-4CAB-84C5-DC5566B962DD}.Release|Any CPU.ActiveCfg = Release|Any CPU
		{E9D15DD4-2E04-4CAB-84C5-DC5566B962DD}.Release|Any CPU.Build.0 = Release|Any CPU
		{E9D15DD4-2E04-4CAB-84C5-DC5566B962DD}.Release|x64.ActiveCfg = Release|x64
		{E9D15DD4-2E04-4CAB-84C5-DC5566B962DD}.Release|x64.Build.0 = Release|x64
		{E9D15DD4-2E04-4CAB-84C5-DC5566B962DD}.Release|x86.ActiveCfg = Release|x86
		{E9D15DD4-2E04-4CAB-84C5-DC5566B962DD}.Release|x86.Build.0 = Release|x86
		{2AC583A7-4758-48E7-A73B-D47E4107BB9F}.Debug|Any CPU.ActiveCfg = Debug|Any CPU
		{2AC583A7-4758-48E7-A73B-D47E4107BB9F}.Debug|Any CPU.Build.0 = Debug|Any CPU
		{2AC583A7-4758-48E7-A73B-D47E4107BB9F}.Debug|x64.ActiveCfg = Debug|Any CPU
		{2AC583A7-4758-48E7-A73B-D47E4107BB9F}.Debug|x64.Build.0 = Debug|Any CPU
		{2AC583A7-4758-48E7-A73B-D47E4107BB9F}.Debug|x86.ActiveCfg = Debug|Any CPU
		{2AC583A7-4758-48E7-A73B-D47E4107BB9F}.Debug|x86.Build.0 = Debug|Any CPU
		{2AC583A7-4758-48E7-A73B-D47E4107BB9F}.Release|Any CPU.ActiveCfg = Release|Any CPU
		{2AC583A7-4758-48E7-A73B-D47E4107BB9F}.Release|Any CPU.Build.0 = Release|Any CPU
		{2AC583A7-4758-48E7-A73B-D47E4107BB9F}.Release|x64.ActiveCfg = Release|Any CPU
		{2AC583A7-4758-48E7-A73B-D47E4107BB9F}.Release|x64.Build.0 = Release|Any CPU
		{2AC583A7-4758-48E7-A73B-D47E4107BB9F}.Release|x86.ActiveCfg = Release|Any CPU
		{2AC583A7-4758-48E7-A73B-D47E4107BB9F}.Release|x86.Build.0 = Release|Any CPU
		{B4BE5024-C787-4D17-BF57-BE3F5C6E42DB}.Debug|Any CPU.ActiveCfg = Debug|Any CPU
		{B4BE5024-C787-4D17-BF57-BE3F5C6E42DB}.Debug|Any CPU.Build.0 = Debug|Any CPU
		{B4BE5024-C787-4D17-BF57-BE3F5C6E42DB}.Debug|x64.ActiveCfg = Debug|Any CPU
		{B4BE5024-C787-4D17-BF57-BE3F5C6E42DB}.Debug|x64.Build.0 = Debug|Any CPU
		{B4BE5024-C787-4D17-BF57-BE3F5C6E42DB}.Debug|x86.ActiveCfg = Debug|Any CPU
		{B4BE5024-C787-4D17-BF57-BE3F5C6E42DB}.Debug|x86.Build.0 = Debug|Any CPU
		{B4BE5024-C787-4D17-BF57-BE3F5C6E42DB}.Release|Any CPU.ActiveCfg = Release|Any CPU
		{B4BE5024-C787-4D17-BF57-BE3F5C6E42DB}.Release|Any CPU.Build.0 = Release|Any CPU
		{B4BE5024-C787-4D17-BF57-BE3F5C6E42DB}.Release|x64.ActiveCfg = Release|Any CPU
		{B4BE5024-C787-4D17-BF57-BE3F5C6E42DB}.Release|x64.Build.0 = Release|Any CPU
		{B4BE5024-C787-4D17-BF57-BE3F5C6E42DB}.Release|x86.ActiveCfg = Release|Any CPU
		{B4BE5024-C787-4D17-BF57-BE3F5C6E42DB}.Release|x86.Build.0 = Release|Any CPU
	EndGlobalSection
	GlobalSection(SolutionProperties) = preSolution
		HideSolutionNode = FALSE
	EndGlobalSection
	GlobalSection(ExtensibilityGlobals) = postSolution
		SolutionGuid = {B794365B-A809-43EE-AE80-CA87EDA9369A}
	EndGlobalSection
EndGlobal
