
Microsoft Visual Studio Solution File, Format Version 12.00
# Visual Studio Version 16
VisualStudioVersion = 16.0.29709.97
MinimumVisualStudioVersion = 10.0.40219.1
Project("{9A19103F-16F7-4668-BE54-9A1E7A4F7556}") = "NUnitTestProject_standard2", "NUnitTestProject_standard2\NUnitTestProject_standard2.csproj", "{0BF057C9-9372-4EC9-8548-C77619E0BF20}"
EndProject
Project("{9A19103F-16F7-4668-BE54-9A1E7A4F7556}") = "TaskMain", "TaskMain\TaskMain.csproj", "{A8E7743F-E43A-46C8-8295-4758ACB6CB94}"
EndProject
Global
	GlobalSection(SolutionConfigurationPlatforms) = preSolution
		Debug|Any CPU = Debug|Any CPU
		Release|Any CPU = Release|Any CPU
	EndGlobalSection
	GlobalSection(ProjectConfigurationPlatforms) = postSolution
		{0BF057C9-9372-4EC9-8548-C77619E0BF20}.Debug|Any CPU.ActiveCfg = Debug|Any CPU
		{0BF057C9-9372-4EC9-8548-C77619E0BF20}.Debug|Any CPU.Build.0 = Debug|Any CPU
		{0BF057C9-9372-4EC9-8548-C77619E0BF20}.Release|Any CPU.ActiveCfg = Release|Any CPU
		{0BF057C9-9372-4EC9-8548-C77619E0BF20}.Release|Any CPU.Build.0 = Release|Any CPU
		{A8E7743F-E43A-46C8-8295-4758ACB6CB94}.Debug|Any CPU.ActiveCfg = Debug|Any CPU
		{A8E7743F-E43A-46C8-8295-4758ACB6CB94}.Debug|Any CPU.Build.0 = Debug|Any CPU
		{A8E7743F-E43A-46C8-8295-4758ACB6CB94}.Release|Any CPU.ActiveCfg = Release|Any CPU
		{A8E7743F-E43A-46C8-8295-4758ACB6CB94}.Release|Any CPU.Build.0 = Release|Any CPU
	EndGlobalSection
	GlobalSection(SolutionProperties) = preSolution
		HideSolutionNode = FALSE
	EndGlobalSection
	GlobalSection(ExtensibilityGlobals) = postSolution
		SolutionGuid = {441FC149-22B2-43A6-9CFD-CCF8878B3A0C}
	EndGlobalSection
EndGlobal
