
Microsoft Visual Studio Solution File, Format Version 12.00
# Visual Studio Version 16
VisualStudioVersion = 16.0.29613.14
MinimumVisualStudioVersion = 10.0.40219.1
Project("{9A19103F-16F7-4668-BE54-9A1E7A4F7556}") = "NUnitTestProject_core", "NUnitTestProject_core.csproj", "{A74E1055-2EDB-4936-8EBA-9AF96E1F7E60}"
EndProject
Global
	GlobalSection(SolutionConfigurationPlatforms) = preSolution
		Debug|Any CPU = Debug|Any CPU
		Release|Any CPU = Release|Any CPU
	EndGlobalSection
	GlobalSection(ProjectConfigurationPlatforms) = postSolution
		{A74E1055-2EDB-4936-8EBA-9AF96E1F7E60}.Debug|Any CPU.ActiveCfg = Debug|Any CPU
		{A74E1055-2EDB-4936-8EBA-9AF96E1F7E60}.Debug|Any CPU.Build.0 = Debug|Any CPU
		{A74E1055-2EDB-4936-8EBA-9AF96E1F7E60}.Release|Any CPU.ActiveCfg = Release|Any CPU
		{A74E1055-2EDB-4936-8EBA-9AF96E1F7E60}.Release|Any CPU.Build.0 = Release|Any CPU
	EndGlobalSection
	GlobalSection(SolutionProperties) = preSolution
		HideSolutionNode = FALSE
	EndGlobalSection
	GlobalSection(ExtensibilityGlobals) = postSolution
		SolutionGuid = {9DC23F0F-612E-49BC-A803-7CD35ACAFF46}
	EndGlobalSection
EndGlobal
