
Microsoft Visual Studio Solution File, Format Version 12.00
# Visual Studio 15
VisualStudioVersion = 15.0.28307.572
MinimumVisualStudioVersion = 10.0.40219.1
Project("{FAE04EC0-301F-11D3-BF4B-00C04F79EFBC}") = "StreamInsightApp1", "StreamInsightApp1\StreamInsightApp1.csproj", "{71379EFE-0B1E-4627-8567-B013D91D5E41}"
EndProject
Project("{FAE04EC0-301F-11D3-BF4B-00C04F79EFBC}") = "StreamInsightApp2", "StreamInsightApp2\StreamInsightApp2.csproj", "{FA156589-90AC-4763-BCB8-2C6D01478F4D}"
EndProject
Project("{FAE04EC0-301F-11D3-BF4B-00C04F79EFBC}") = "AlterPointEvent", "AlterPointEvent\AlterPointEvent.csproj", "{C829244D-9017-4554-B00D-8BA53CA354BA}"
EndProject
Project("{FAE04EC0-301F-11D3-BF4B-00C04F79EFBC}") = "SIObserverApp", "SIObserverApp\SIObserverApp.csproj", "{C0720720-78A5-48CD-823F-C785F8594C07}"
EndProject
Global
	GlobalSection(SolutionConfigurationPlatforms) = preSolution
		Debug|Any CPU = Debug|Any CPU
		Release|Any CPU = Release|Any CPU
	EndGlobalSection
	GlobalSection(ProjectConfigurationPlatforms) = postSolution
		{71379EFE-0B1E-4627-8567-B013D91D5E41}.Debug|Any CPU.ActiveCfg = Debug|Any CPU
		{71379EFE-0B1E-4627-8567-B013D91D5E41}.Debug|Any CPU.Build.0 = Debug|Any CPU
		{71379EFE-0B1E-4627-8567-B013D91D5E41}.Release|Any CPU.ActiveCfg = Release|Any CPU
		{71379EFE-0B1E-4627-8567-B013D91D5E41}.Release|Any CPU.Build.0 = Release|Any CPU
		{FA156589-90AC-4763-BCB8-2C6D01478F4D}.Debug|Any CPU.ActiveCfg = Debug|Any CPU
		{FA156589-90AC-4763-BCB8-2C6D01478F4D}.Debug|Any CPU.Build.0 = Debug|Any CPU
		{FA156589-90AC-4763-BCB8-2C6D01478F4D}.Release|Any CPU.ActiveCfg = Release|Any CPU
		{FA156589-90AC-4763-BCB8-2C6D01478F4D}.Release|Any CPU.Build.0 = Release|Any CPU
		{C829244D-9017-4554-B00D-8BA53CA354BA}.Debug|Any CPU.ActiveCfg = Debug|Any CPU
		{C829244D-9017-4554-B00D-8BA53CA354BA}.Debug|Any CPU.Build.0 = Debug|Any CPU
		{C829244D-9017-4554-B00D-8BA53CA354BA}.Release|Any CPU.ActiveCfg = Release|Any CPU
		{C829244D-9017-4554-B00D-8BA53CA354BA}.Release|Any CPU.Build.0 = Release|Any CPU
		{C0720720-78A5-48CD-823F-C785F8594C07}.Debug|Any CPU.ActiveCfg = Debug|Any CPU
		{C0720720-78A5-48CD-823F-C785F8594C07}.Debug|Any CPU.Build.0 = Debug|Any CPU
		{C0720720-78A5-48CD-823F-C785F8594C07}.Release|Any CPU.ActiveCfg = Release|Any CPU
		{C0720720-78A5-48CD-823F-C785F8594C07}.Release|Any CPU.Build.0 = Release|Any CPU
	EndGlobalSection
	GlobalSection(SolutionProperties) = preSolution
		HideSolutionNode = FALSE
	EndGlobalSection
	GlobalSection(ExtensibilityGlobals) = postSolution
		SolutionGuid = {E9CC77EC-053F-43FA-AC6F-C92335F2311E}
	EndGlobalSection
EndGlobal
