
Microsoft Visual Studio Solution File, Format Version 12.00
# Visual Studio 15
VisualStudioVersion = 15.0.28307.960
MinimumVisualStudioVersion = 10.0.40219.1
Project("{9A19103F-16F7-4668-BE54-9A1E7A4F7556}") = "usex509", "usex509\usex509.csproj", "{B74B8600-DC8F-4A9A-8001-08C1FB897336}"
EndProject
Project("{9A19103F-16F7-4668-BE54-9A1E7A4F7556}") = "XUnitTestProject1", "XUnitTestProject1\XUnitTestProject1.csproj", "{226B3345-C05F-473B-A478-E78190986366}"
EndProject
Project("{9A19103F-16F7-4668-BE54-9A1E7A4F7556}") = "SslTcpServer", "SslTcpServer\SslTcpServer.csproj", "{E18949DB-B73A-4713-8308-2CC78E353129}"
EndProject
Project("{FAE04EC0-301F-11D3-BF4B-00C04F79EFBC}") = "TraceConsole", "TraceConsole\TraceConsole.csproj", "{4F9F46BF-9534-44F1-9D9B-9CBB2F645B5B}"
EndProject
Project("{FAE04EC0-301F-11D3-BF4B-00C04F79EFBC}") = "TraceConsole472", "TraceConsole472\TraceConsole472.csproj", "{5C59C40F-B2FE-4BA1-BF69-12579D427D42}"
EndProject
Global
	GlobalSection(SolutionConfigurationPlatforms) = preSolution
		Debug|Any CPU = Debug|Any CPU
		Release|Any CPU = Release|Any CPU
	EndGlobalSection
	GlobalSection(ProjectConfigurationPlatforms) = postSolution
		{B74B8600-DC8F-4A9A-8001-08C1FB897336}.Debug|Any CPU.ActiveCfg = Debug|Any CPU
		{B74B8600-DC8F-4A9A-8001-08C1FB897336}.Debug|Any CPU.Build.0 = Debug|Any CPU
		{B74B8600-DC8F-4A9A-8001-08C1FB897336}.Release|Any CPU.ActiveCfg = Release|Any CPU
		{B74B8600-DC8F-4A9A-8001-08C1FB897336}.Release|Any CPU.Build.0 = Release|Any CPU
		{226B3345-C05F-473B-A478-E78190986366}.Debug|Any CPU.ActiveCfg = Debug|Any CPU
		{226B3345-C05F-473B-A478-E78190986366}.Debug|Any CPU.Build.0 = Debug|Any CPU
		{226B3345-C05F-473B-A478-E78190986366}.Release|Any CPU.ActiveCfg = Release|Any CPU
		{226B3345-C05F-473B-A478-E78190986366}.Release|Any CPU.Build.0 = Release|Any CPU
		{E18949DB-B73A-4713-8308-2CC78E353129}.Debug|Any CPU.ActiveCfg = Debug|Any CPU
		{E18949DB-B73A-4713-8308-2CC78E353129}.Debug|Any CPU.Build.0 = Debug|Any CPU
		{E18949DB-B73A-4713-8308-2CC78E353129}.Release|Any CPU.ActiveCfg = Release|Any CPU
		{E18949DB-B73A-4713-8308-2CC78E353129}.Release|Any CPU.Build.0 = Release|Any CPU
		{4F9F46BF-9534-44F1-9D9B-9CBB2F645B5B}.Debug|Any CPU.ActiveCfg = Debug|Any CPU
		{4F9F46BF-9534-44F1-9D9B-9CBB2F645B5B}.Debug|Any CPU.Build.0 = Debug|Any CPU
		{4F9F46BF-9534-44F1-9D9B-9CBB2F645B5B}.Release|Any CPU.ActiveCfg = Release|Any CPU
		{4F9F46BF-9534-44F1-9D9B-9CBB2F645B5B}.Release|Any CPU.Build.0 = Release|Any CPU
		{5C59C40F-B2FE-4BA1-BF69-12579D427D42}.Debug|Any CPU.ActiveCfg = Debug|Any CPU
		{5C59C40F-B2FE-4BA1-BF69-12579D427D42}.Debug|Any CPU.Build.0 = Debug|Any CPU
		{5C59C40F-B2FE-4BA1-BF69-12579D427D42}.Release|Any CPU.ActiveCfg = Release|Any CPU
		{5C59C40F-B2FE-4BA1-BF69-12579D427D42}.Release|Any CPU.Build.0 = Release|Any CPU
	EndGlobalSection
	GlobalSection(SolutionProperties) = preSolution
		HideSolutionNode = FALSE
	EndGlobalSection
	GlobalSection(ExtensibilityGlobals) = postSolution
		SolutionGuid = {F665A375-1563-4B15-A7B0-0929E0A70A15}
	EndGlobalSection
EndGlobal
